
Microsoft Visual Studio Solution File, Format Version 12.00
# Visual Studio Version 17
VisualStudioVersion = 17.8.34322.80
MinimumVisualStudioVersion = 10.0.40219.1
Project("{FAE04EC0-301F-11D3-BF4B-00C04F79EFBC}") = "VentanasDiscos", "VentanasDiscos\VentanasDiscos.csproj", "{90953FB7-C4AA-400A-9FD4-36F00EDC39E4}"
EndProject
Project("{FAE04EC0-301F-11D3-BF4B-00C04F79EFBC}") = "Arquetipo", "Arquetipo\Arquetipo.csproj", "{C10717AE-5C69-46A1-9847-A177EAE88CB1}"
EndProject
Project("{FAE04EC0-301F-11D3-BF4B-00C04F79EFBC}") = "Controlador", "Conttolador\Controlador.csproj", "{7EEBE02E-89E0-4757-B9AD-4EC7122FF632}"
EndProject
Global
	GlobalSection(SolutionConfigurationPlatforms) = preSolution
		Debug|Any CPU = Debug|Any CPU
		Release|Any CPU = Release|Any CPU
	EndGlobalSection
	GlobalSection(ProjectConfigurationPlatforms) = postSolution
		{90953FB7-C4AA-400A-9FD4-36F00EDC39E4}.Debug|Any CPU.ActiveCfg = Debug|Any CPU
		{90953FB7-C4AA-400A-9FD4-36F00EDC39E4}.Debug|Any CPU.Build.0 = Debug|Any CPU
		{90953FB7-C4AA-400A-9FD4-36F00EDC39E4}.Release|Any CPU.ActiveCfg = Release|Any CPU
		{90953FB7-C4AA-400A-9FD4-36F00EDC39E4}.Release|Any CPU.Build.0 = Release|Any CPU
		{C10717AE-5C69-46A1-9847-A177EAE88CB1}.Debug|Any CPU.ActiveCfg = Debug|Any CPU
		{C10717AE-5C69-46A1-9847-A177EAE88CB1}.Debug|Any CPU.Build.0 = Debug|Any CPU
		{C10717AE-5C69-46A1-9847-A177EAE88CB1}.Release|Any CPU.ActiveCfg = Release|Any CPU
		{C10717AE-5C69-46A1-9847-A177EAE88CB1}.Release|Any CPU.Build.0 = Release|Any CPU
		{7EEBE02E-89E0-4757-B9AD-4EC7122FF632}.Debug|Any CPU.ActiveCfg = Debug|Any CPU
		{7EEBE02E-89E0-4757-B9AD-4EC7122FF632}.Debug|Any CPU.Build.0 = Debug|Any CPU
		{7EEBE02E-89E0-4757-B9AD-4EC7122FF632}.Release|Any CPU.ActiveCfg = Release|Any CPU
		{7EEBE02E-89E0-4757-B9AD-4EC7122FF632}.Release|Any CPU.Build.0 = Release|Any CPU
	EndGlobalSection
	GlobalSection(SolutionProperties) = preSolution
		HideSolutionNode = FALSE
	EndGlobalSection
	GlobalSection(ExtensibilityGlobals) = postSolution
		SolutionGuid = {F6ABDA59-0145-4648-AFCA-BE39D71887B3}
	EndGlobalSection
EndGlobal
